// !$*UTF8*$!
{
	archiveVersion = 1;
	classes = {
	};
	objectVersion = 56;
	objects = {

/* Begin PBXBuildFile section */
		B81D470B29D575E800DB603C /* AppDelegate.swift in Sources */ = {isa = PBXBuildFile; fileRef = B81D470A29D575E800DB603C /* AppDelegate.swift */; };
		B81D471529D575E800DB603C /* SceneDelegate.swift in Sources */ = {isa = PBXBuildFile; fileRef = B81D471429D575E800DB603C /* SceneDelegate.swift */; };
		B81D472529D575E900DB603C /* SafariHighlighterExtension.appex in Embed Foundation Extensions */ = {isa = PBXBuildFile; fileRef = B81D472429D575E900DB603C /* SafariHighlighterExtension.appex */; settings = {ATTRIBUTES = (RemoveHeadersOnCopy, ); }; };
		B81D472A29D575E900DB603C /* SafariWebExtensionHandler.swift in Sources */ = {isa = PBXBuildFile; fileRef = B81D472929D575E900DB603C /* SafariWebExtensionHandler.swift */; };
		B81D472D29D575E900DB603C /* _locales in Resources */ = {isa = PBXBuildFile; fileRef = B81D472C29D575E900DB603C /* _locales */; };
		B81D472F29D575E900DB603C /* images in Resources */ = {isa = PBXBuildFile; fileRef = B81D472E29D575E900DB603C /* images */; };
		B81D473129D575E900DB603C /* manifest.json in Resources */ = {isa = PBXBuildFile; fileRef = B81D473029D575E900DB603C /* manifest.json */; };
		B81D473329D575E900DB603C /* background.js in Resources */ = {isa = PBXBuildFile; fileRef = B81D473229D575E900DB603C /* background.js */; };
		B81D473529D575E900DB603C /* content.js in Resources */ = {isa = PBXBuildFile; fileRef = B81D473429D575E900DB603C /* content.js */; };
		B81D473729D575E900DB603C /* popup.html in Resources */ = {isa = PBXBuildFile; fileRef = B81D473629D575E900DB603C /* popup.html */; };
		B81D473929D575E900DB603C /* popup.css in Resources */ = {isa = PBXBuildFile; fileRef = B81D473829D575E900DB603C /* popup.css */; };
		B81D473B29D575E900DB603C /* popup.js in Resources */ = {isa = PBXBuildFile; fileRef = B81D473A29D575E900DB603C /* popup.js */; };
		B81D473D29D575E900DB603C /* Assets.xcassets in Resources */ = {isa = PBXBuildFile; fileRef = B81D471E29D575E900DB603C /* Assets.xcassets */; };
		B83041B82A002DFA00EF9AC5 /* CategoriesViewController.swift in Sources */ = {isa = PBXBuildFile; fileRef = B83041B72A002DFA00EF9AC5 /* CategoriesViewController.swift */; };
		B83041BA2A0036BD00EF9AC5 /* Persistence in Frameworks */ = {isa = PBXBuildFile; productRef = B83041B92A0036BD00EF9AC5 /* Persistence */; };
		B85123302A0E659C003AD592 /* AcknowledgmentsView.swift in Sources */ = {isa = PBXBuildFile; fileRef = B851232F2A0E659C003AD592 /* AcknowledgmentsView.swift */; };
		B85123322A0E7915003AD592 /* SettingsViewModel.swift in Sources */ = {isa = PBXBuildFile; fileRef = B85123312A0E7915003AD592 /* SettingsViewModel.swift */; };
		B85123392A0E7A44003AD592 /* SettingsCell.swift in Sources */ = {isa = PBXBuildFile; fileRef = B85123382A0E7A44003AD592 /* SettingsCell.swift */; };
		B851233B2A0E7B66003AD592 /* SettingsCoordinator.swift in Sources */ = {isa = PBXBuildFile; fileRef = B851233A2A0E7B66003AD592 /* SettingsCoordinator.swift */; };
		B851233D2A0E7C1E003AD592 /* LinkCoordinator.swift in Sources */ = {isa = PBXBuildFile; fileRef = B851233C2A0E7C1E003AD592 /* LinkCoordinator.swift */; };
		B851233F2A0E7D0E003AD592 /* NavigationCoordinator.swift in Sources */ = {isa = PBXBuildFile; fileRef = B851233E2A0E7D0E003AD592 /* NavigationCoordinator.swift */; };
		B85123422A0E894C003AD592 /* Navigation.swift in Sources */ = {isa = PBXBuildFile; fileRef = B85123412A0E894C003AD592 /* Navigation.swift */; };
		B85123482A0E8A6D003AD592 /* TabCoordinator.swift in Sources */ = {isa = PBXBuildFile; fileRef = B85123472A0E8A6D003AD592 /* TabCoordinator.swift */; };
		B851234A2A0E8A90003AD592 /* Coordinator.swift in Sources */ = {isa = PBXBuildFile; fileRef = B85123492A0E8A90003AD592 /* Coordinator.swift */; };
		B85124502A0E906A003AD592 /* CompositionRoot.swift in Sources */ = {isa = PBXBuildFile; fileRef = B851244F2A0E906A003AD592 /* CompositionRoot.swift */; };
		B85124582A0EAB5F003AD592 /* SettingsHeaderViewModel.swift in Sources */ = {isa = PBXBuildFile; fileRef = B85124572A0EAB5F003AD592 /* SettingsHeaderViewModel.swift */; };
		B851245C2A0EAB97003AD592 /* SettingsHeaderView.swift in Sources */ = {isa = PBXBuildFile; fileRef = B851245B2A0EAB97003AD592 /* SettingsHeaderView.swift */; };
		B851245E2A0EBD0B003AD592 /* AppStorage.swift in Sources */ = {isa = PBXBuildFile; fileRef = B851245D2A0EBD0B003AD592 /* AppStorage.swift */; };
		B85124632A0F655B003AD592 /* Localizable.strings in Resources */ = {isa = PBXBuildFile; fileRef = B85124652A0F655B003AD592 /* Localizable.strings */; };
		B851246A2A0F66EC003AD592 /* Localized.swift in Sources */ = {isa = PBXBuildFile; fileRef = B85124692A0F66EC003AD592 /* Localized.swift */; };
		B851246D2A0F6D1D003AD592 /* InfoPlist.strings in Resources */ = {isa = PBXBuildFile; fileRef = B851246F2A0F6D1D003AD592 /* InfoPlist.strings */; };
		B85124752A0F7049003AD592 /* CategoriesTableViewCell.swift in Sources */ = {isa = PBXBuildFile; fileRef = B85124742A0F7049003AD592 /* CategoriesTableViewCell.swift */; };
		B85124772A0F7565003AD592 /* CategoriesCellViewModelMapper.swift in Sources */ = {isa = PBXBuildFile; fileRef = B85124762A0F7565003AD592 /* CategoriesCellViewModelMapper.swift */; };
		B851247A2A0F7F0E003AD592 /* InitialCategoriesProducer.swift in Sources */ = {isa = PBXBuildFile; fileRef = B85124792A0F7F0E003AD592 /* InitialCategoriesProducer.swift */; };
		B851247D2A0FAC60003AD592 /* ConfirmationDialog.swift in Sources */ = {isa = PBXBuildFile; fileRef = B851247C2A0FAC60003AD592 /* ConfirmationDialog.swift */; };
		B851247F2A0FDD19003AD592 /* NewCategoryViewController.swift in Sources */ = {isa = PBXBuildFile; fileRef = B851247E2A0FDD19003AD592 /* NewCategoryViewController.swift */; };
		B85124832A0FDD95003AD592 /* CategoriesCoordinator.swift in Sources */ = {isa = PBXBuildFile; fileRef = B85124822A0FDD95003AD592 /* CategoriesCoordinator.swift */; };
		B85124852A0FEBF0003AD592 /* NewCategoryColorPickerView.swift in Sources */ = {isa = PBXBuildFile; fileRef = B85124842A0FEBF0003AD592 /* NewCategoryColorPickerView.swift */; };
		B871AC8829D8AAB100A5E720 /* common.js in Resources */ = {isa = PBXBuildFile; fileRef = B871AC8729D8AAB100A5E720 /* common.js */; };
		B871AC8A29D8AE8700A5E720 /* Message.swift in Sources */ = {isa = PBXBuildFile; fileRef = B871AC8929D8AE8700A5E720 /* Message.swift */; };
		B871AC8D29D8B09500A5E720 /* LoadTagsMessage.swift in Sources */ = {isa = PBXBuildFile; fileRef = B871AC8C29D8B09400A5E720 /* LoadTagsMessage.swift */; };
		B871AC8F29D8B20200A5E720 /* MessageError.swift in Sources */ = {isa = PBXBuildFile; fileRef = B871AC8E29D8B20200A5E720 /* MessageError.swift */; };
		B871AC9129D8B2FD00A5E720 /* MessageType.swift in Sources */ = {isa = PBXBuildFile; fileRef = B871AC9029D8B2FD00A5E720 /* MessageType.swift */; };
		B876608129D5CC2F00B8E75C /* Common in Frameworks */ = {isa = PBXBuildFile; productRef = B876608029D5CC2F00B8E75C /* Common */; };
		B876608329D5CC3700B8E75C /* Common in Frameworks */ = {isa = PBXBuildFile; productRef = B876608229D5CC3700B8E75C /* Common */; };
		B87F91BC2A0A59A900740E40 /* TutorialView.swift in Sources */ = {isa = PBXBuildFile; fileRef = B87F91BB2A0A59A900740E40 /* TutorialView.swift */; };
		B898B88A29F43F08000A36D0 /* HighlightsCoordinator.swift in Sources */ = {isa = PBXBuildFile; fileRef = B898B88929F43F08000A36D0 /* HighlightsCoordinator.swift */; };
		B8ACADD02A096378005E45EC /* WebsitesViewController.swift in Sources */ = {isa = PBXBuildFile; fileRef = B8ACADCF2A096378005E45EC /* WebsitesViewController.swift */; };
		B8ACADD22A096653005E45EC /* GroupedHighlightsViewController.swift in Sources */ = {isa = PBXBuildFile; fileRef = B8ACADD12A096653005E45EC /* GroupedHighlightsViewController.swift */; };
		B8ACADD42A096694005E45EC /* HighlightsGrouping.swift in Sources */ = {isa = PBXBuildFile; fileRef = B8ACADD32A096694005E45EC /* HighlightsGrouping.swift */; };
		B8ACADD82A097766005E45EC /* HighlightsViewController.swift in Sources */ = {isa = PBXBuildFile; fileRef = B8ACADD72A097766005E45EC /* HighlightsViewController.swift */; };
		B8ACADDC2A0A27C7005E45EC /* SettingsViewController.swift in Sources */ = {isa = PBXBuildFile; fileRef = B8ACADDB2A0A27C7005E45EC /* SettingsViewController.swift */; };
		B8ACADDE2A0A2824005E45EC /* SettingsView.swift in Sources */ = {isa = PBXBuildFile; fileRef = B8ACADDD2A0A2824005E45EC /* SettingsView.swift */; };
/* End PBXBuildFile section */

/* Begin PBXContainerItemProxy section */
		B81D472629D575E900DB603C /* PBXContainerItemProxy */ = {
			isa = PBXContainerItemProxy;
			containerPortal = B81D46FF29D575E800DB603C /* Project object */;
			proxyType = 1;
			remoteGlobalIDString = B81D472329D575E900DB603C;
			remoteInfo = "SafariHighlighter Extension";
		};
/* End PBXContainerItemProxy section */

/* Begin PBXCopyFilesBuildPhase section */
		B81D474329D575E900DB603C /* Embed Foundation Extensions */ = {
			isa = PBXCopyFilesBuildPhase;
			buildActionMask = 2147483647;
			dstPath = "";
			dstSubfolderSpec = 13;
			files = (
				B81D472529D575E900DB603C /* SafariHighlighterExtension.appex in Embed Foundation Extensions */,
			);
			name = "Embed Foundation Extensions";
			runOnlyForDeploymentPostprocessing = 0;
		};
/* End PBXCopyFilesBuildPhase section */

/* Begin PBXFileReference section */
		B81D470729D575E800DB603C /* SafariHighlighter.app */ = {isa = PBXFileReference; explicitFileType = wrapper.application; includeInIndex = 0; path = SafariHighlighter.app; sourceTree = BUILT_PRODUCTS_DIR; };
		B81D470A29D575E800DB603C /* AppDelegate.swift */ = {isa = PBXFileReference; lastKnownFileType = sourcecode.swift; path = AppDelegate.swift; sourceTree = "<group>"; };
		B81D471429D575E800DB603C /* SceneDelegate.swift */ = {isa = PBXFileReference; lastKnownFileType = sourcecode.swift; path = SceneDelegate.swift; sourceTree = "<group>"; };
		B81D471E29D575E900DB603C /* Assets.xcassets */ = {isa = PBXFileReference; lastKnownFileType = folder.assetcatalog; path = Assets.xcassets; sourceTree = "<group>"; };
		B81D471F29D575E900DB603C /* Info.plist */ = {isa = PBXFileReference; lastKnownFileType = text.plist.xml; path = Info.plist; sourceTree = "<group>"; };
		B81D472429D575E900DB603C /* SafariHighlighterExtension.appex */ = {isa = PBXFileReference; explicitFileType = "wrapper.app-extension"; includeInIndex = 0; path = SafariHighlighterExtension.appex; sourceTree = BUILT_PRODUCTS_DIR; };
		B81D472929D575E900DB603C /* SafariWebExtensionHandler.swift */ = {isa = PBXFileReference; lastKnownFileType = sourcecode.swift; path = SafariWebExtensionHandler.swift; sourceTree = "<group>"; };
		B81D472C29D575E900DB603C /* _locales */ = {isa = PBXFileReference; lastKnownFileType = folder; path = _locales; sourceTree = "<group>"; };
		B81D472E29D575E900DB603C /* images */ = {isa = PBXFileReference; lastKnownFileType = folder; path = images; sourceTree = "<group>"; };
		B81D473029D575E900DB603C /* manifest.json */ = {isa = PBXFileReference; lastKnownFileType = text.json; path = manifest.json; sourceTree = "<group>"; };
		B81D473229D575E900DB603C /* background.js */ = {isa = PBXFileReference; lastKnownFileType = sourcecode.javascript; path = background.js; sourceTree = "<group>"; };
		B81D473429D575E900DB603C /* content.js */ = {isa = PBXFileReference; lastKnownFileType = sourcecode.javascript; path = content.js; sourceTree = "<group>"; };
		B81D473629D575E900DB603C /* popup.html */ = {isa = PBXFileReference; lastKnownFileType = text.html; path = popup.html; sourceTree = "<group>"; };
		B81D473829D575E900DB603C /* popup.css */ = {isa = PBXFileReference; lastKnownFileType = text.css; path = popup.css; sourceTree = "<group>"; };
		B81D473A29D575E900DB603C /* popup.js */ = {isa = PBXFileReference; lastKnownFileType = sourcecode.javascript; path = popup.js; sourceTree = "<group>"; };
		B81D473C29D575E900DB603C /* Info.plist */ = {isa = PBXFileReference; lastKnownFileType = text.plist.xml; path = Info.plist; sourceTree = "<group>"; };
		B83041B72A002DFA00EF9AC5 /* CategoriesViewController.swift */ = {isa = PBXFileReference; lastKnownFileType = sourcecode.swift; path = CategoriesViewController.swift; sourceTree = "<group>"; };
		B851232F2A0E659C003AD592 /* AcknowledgmentsView.swift */ = {isa = PBXFileReference; lastKnownFileType = sourcecode.swift; path = AcknowledgmentsView.swift; sourceTree = "<group>"; };
		B85123312A0E7915003AD592 /* SettingsViewModel.swift */ = {isa = PBXFileReference; lastKnownFileType = sourcecode.swift; path = SettingsViewModel.swift; sourceTree = "<group>"; };
		B85123382A0E7A44003AD592 /* SettingsCell.swift */ = {isa = PBXFileReference; lastKnownFileType = sourcecode.swift; path = SettingsCell.swift; sourceTree = "<group>"; };
		B851233A2A0E7B66003AD592 /* SettingsCoordinator.swift */ = {isa = PBXFileReference; lastKnownFileType = sourcecode.swift; path = SettingsCoordinator.swift; sourceTree = "<group>"; };
		B851233C2A0E7C1E003AD592 /* LinkCoordinator.swift */ = {isa = PBXFileReference; lastKnownFileType = sourcecode.swift; path = LinkCoordinator.swift; sourceTree = "<group>"; };
		B851233E2A0E7D0E003AD592 /* NavigationCoordinator.swift */ = {isa = PBXFileReference; lastKnownFileType = sourcecode.swift; path = NavigationCoordinator.swift; sourceTree = "<group>"; };
		B85123412A0E894C003AD592 /* Navigation.swift */ = {isa = PBXFileReference; lastKnownFileType = sourcecode.swift; path = Navigation.swift; sourceTree = "<group>"; };
		B85123472A0E8A6D003AD592 /* TabCoordinator.swift */ = {isa = PBXFileReference; lastKnownFileType = sourcecode.swift; path = TabCoordinator.swift; sourceTree = "<group>"; };
		B85123492A0E8A90003AD592 /* Coordinator.swift */ = {isa = PBXFileReference; lastKnownFileType = sourcecode.swift; path = Coordinator.swift; sourceTree = "<group>"; };
		B851244F2A0E906A003AD592 /* CompositionRoot.swift */ = {isa = PBXFileReference; lastKnownFileType = sourcecode.swift; path = CompositionRoot.swift; sourceTree = "<group>"; };
		B85124572A0EAB5F003AD592 /* SettingsHeaderViewModel.swift */ = {isa = PBXFileReference; lastKnownFileType = sourcecode.swift; path = SettingsHeaderViewModel.swift; sourceTree = "<group>"; };
		B851245B2A0EAB97003AD592 /* SettingsHeaderView.swift */ = {isa = PBXFileReference; lastKnownFileType = sourcecode.swift; path = SettingsHeaderView.swift; sourceTree = "<group>"; };
		B851245D2A0EBD0B003AD592 /* AppStorage.swift */ = {isa = PBXFileReference; lastKnownFileType = sourcecode.swift; path = AppStorage.swift; sourceTree = "<group>"; };
		B85124642A0F655B003AD592 /* en */ = {isa = PBXFileReference; lastKnownFileType = text.plist.strings; name = en; path = en.lproj/Localizable.strings; sourceTree = "<group>"; };
		B85124662A0F656E003AD592 /* ru */ = {isa = PBXFileReference; lastKnownFileType = text.plist.strings; name = ru; path = ru.lproj/Localizable.strings; sourceTree = "<group>"; };
		B85124672A0F6573003AD592 /* de */ = {isa = PBXFileReference; lastKnownFileType = text.plist.strings; name = de; path = de.lproj/Localizable.strings; sourceTree = "<group>"; };
		B85124682A0F6579003AD592 /* fr */ = {isa = PBXFileReference; lastKnownFileType = text.plist.strings; name = fr; path = fr.lproj/Localizable.strings; sourceTree = "<group>"; };
		B85124692A0F66EC003AD592 /* Localized.swift */ = {isa = PBXFileReference; lastKnownFileType = sourcecode.swift; path = Localized.swift; sourceTree = "<group>"; };
		B851246E2A0F6D1D003AD592 /* en */ = {isa = PBXFileReference; lastKnownFileType = text.plist.strings; name = en; path = en.lproj/InfoPlist.strings; sourceTree = "<group>"; };
		B85124702A0F6D1F003AD592 /* fr */ = {isa = PBXFileReference; lastKnownFileType = text.plist.strings; name = fr; path = fr.lproj/InfoPlist.strings; sourceTree = "<group>"; };
		B85124712A0F6D20003AD592 /* de */ = {isa = PBXFileReference; lastKnownFileType = text.plist.strings; name = de; path = de.lproj/InfoPlist.strings; sourceTree = "<group>"; };
		B85124722A0F6D20003AD592 /* ru */ = {isa = PBXFileReference; lastKnownFileType = text.plist.strings; name = ru; path = ru.lproj/InfoPlist.strings; sourceTree = "<group>"; };
		B85124742A0F7049003AD592 /* CategoriesTableViewCell.swift */ = {isa = PBXFileReference; lastKnownFileType = sourcecode.swift; path = CategoriesTableViewCell.swift; sourceTree = "<group>"; };
		B85124762A0F7565003AD592 /* CategoriesCellViewModelMapper.swift */ = {isa = PBXFileReference; lastKnownFileType = sourcecode.swift; path = CategoriesCellViewModelMapper.swift; sourceTree = "<group>"; };
		B85124792A0F7F0E003AD592 /* InitialCategoriesProducer.swift */ = {isa = PBXFileReference; lastKnownFileType = sourcecode.swift; path = InitialCategoriesProducer.swift; sourceTree = "<group>"; };
		B851247C2A0FAC60003AD592 /* ConfirmationDialog.swift */ = {isa = PBXFileReference; lastKnownFileType = sourcecode.swift; path = ConfirmationDialog.swift; sourceTree = "<group>"; };
		B851247E2A0FDD19003AD592 /* NewCategoryViewController.swift */ = {isa = PBXFileReference; lastKnownFileType = sourcecode.swift; path = NewCategoryViewController.swift; sourceTree = "<group>"; };
		B85124822A0FDD95003AD592 /* CategoriesCoordinator.swift */ = {isa = PBXFileReference; lastKnownFileType = sourcecode.swift; path = CategoriesCoordinator.swift; sourceTree = "<group>"; };
		B85124842A0FEBF0003AD592 /* NewCategoryColorPickerView.swift */ = {isa = PBXFileReference; lastKnownFileType = sourcecode.swift; path = NewCategoryColorPickerView.swift; sourceTree = "<group>"; };
		B871AC8529D89DDE00A5E720 /* SafariHighlighter.entitlements */ = {isa = PBXFileReference; lastKnownFileType = text.plist.entitlements; path = SafariHighlighter.entitlements; sourceTree = "<group>"; };
		B871AC8629D89DE900A5E720 /* SafariHighlighterExtension.entitlements */ = {isa = PBXFileReference; lastKnownFileType = text.plist.entitlements; path = SafariHighlighterExtension.entitlements; sourceTree = "<group>"; };
		B871AC8729D8AAB100A5E720 /* common.js */ = {isa = PBXFileReference; lastKnownFileType = sourcecode.javascript; path = common.js; sourceTree = "<group>"; };
		B871AC8929D8AE8700A5E720 /* Message.swift */ = {isa = PBXFileReference; lastKnownFileType = sourcecode.swift; path = Message.swift; sourceTree = "<group>"; };
		B871AC8C29D8B09400A5E720 /* LoadTagsMessage.swift */ = {isa = PBXFileReference; lastKnownFileType = sourcecode.swift; path = LoadTagsMessage.swift; sourceTree = "<group>"; };
		B871AC8E29D8B20200A5E720 /* MessageError.swift */ = {isa = PBXFileReference; lastKnownFileType = sourcecode.swift; path = MessageError.swift; sourceTree = "<group>"; };
		B871AC9029D8B2FD00A5E720 /* MessageType.swift */ = {isa = PBXFileReference; lastKnownFileType = sourcecode.swift; path = MessageType.swift; sourceTree = "<group>"; };
		B87F91BB2A0A59A900740E40 /* TutorialView.swift */ = {isa = PBXFileReference; lastKnownFileType = sourcecode.swift; path = TutorialView.swift; sourceTree = "<group>"; };
		B898B88929F43F08000A36D0 /* HighlightsCoordinator.swift */ = {isa = PBXFileReference; lastKnownFileType = sourcecode.swift; path = HighlightsCoordinator.swift; sourceTree = "<group>"; };
		B8ACADCF2A096378005E45EC /* WebsitesViewController.swift */ = {isa = PBXFileReference; lastKnownFileType = sourcecode.swift; path = WebsitesViewController.swift; sourceTree = "<group>"; };
		B8ACADD12A096653005E45EC /* GroupedHighlightsViewController.swift */ = {isa = PBXFileReference; lastKnownFileType = sourcecode.swift; path = GroupedHighlightsViewController.swift; sourceTree = "<group>"; };
		B8ACADD32A096694005E45EC /* HighlightsGrouping.swift */ = {isa = PBXFileReference; lastKnownFileType = sourcecode.swift; path = HighlightsGrouping.swift; sourceTree = "<group>"; };
		B8ACADD72A097766005E45EC /* HighlightsViewController.swift */ = {isa = PBXFileReference; lastKnownFileType = sourcecode.swift; path = HighlightsViewController.swift; sourceTree = "<group>"; };
		B8ACADDB2A0A27C7005E45EC /* SettingsViewController.swift */ = {isa = PBXFileReference; lastKnownFileType = sourcecode.swift; path = SettingsViewController.swift; sourceTree = "<group>"; };
		B8ACADDD2A0A2824005E45EC /* SettingsView.swift */ = {isa = PBXFileReference; lastKnownFileType = sourcecode.swift; path = SettingsView.swift; sourceTree = "<group>"; };
		B8E7A94929FFB72B00C6D98B /* Common */ = {isa = PBXFileReference; lastKnownFileType = wrapper; path = Common; sourceTree = "<group>"; };
		B8E7A94A29FFB72B00C6D98B /* Persistence */ = {isa = PBXFileReference; lastKnownFileType = wrapper; path = Persistence; sourceTree = "<group>"; };
/* End PBXFileReference section */

/* Begin PBXFrameworksBuildPhase section */
		B81D470429D575E800DB603C /* Frameworks */ = {
			isa = PBXFrameworksBuildPhase;
			buildActionMask = 2147483647;
			files = (
				B83041BA2A0036BD00EF9AC5 /* Persistence in Frameworks */,
				B876608129D5CC2F00B8E75C /* Common in Frameworks */,
			);
			runOnlyForDeploymentPostprocessing = 0;
		};
		B81D472129D575E900DB603C /* Frameworks */ = {
			isa = PBXFrameworksBuildPhase;
			buildActionMask = 2147483647;
			files = (
				B876608329D5CC3700B8E75C /* Common in Frameworks */,
			);
			runOnlyForDeploymentPostprocessing = 0;
		};
/* End PBXFrameworksBuildPhase section */

/* Begin PBXGroup section */
		B81D46FE29D575E800DB603C = {
			isa = PBXGroup;
			children = (
				B8E7A94829FFB72B00C6D98B /* Modules */,
				B81D470929D575E800DB603C /* SafariHighlighter */,
				B81D472829D575E900DB603C /* SafariHighlighterExtension */,
				B81D470829D575E800DB603C /* Products */,
				B876607F29D5CC2A00B8E75C /* Frameworks */,
			);
			sourceTree = "<group>";
		};
		B81D470829D575E800DB603C /* Products */ = {
			isa = PBXGroup;
			children = (
				B81D470729D575E800DB603C /* SafariHighlighter.app */,
				B81D472429D575E900DB603C /* SafariHighlighterExtension.appex */,
			);
			name = Products;
			sourceTree = "<group>";
		};
		B81D470929D575E800DB603C /* SafariHighlighter */ = {
			isa = PBXGroup;
			children = (
				B871AC8529D89DDE00A5E720 /* SafariHighlighter.entitlements */,
				B851247B2A0FAC51003AD592 /* Helpers */,
				B898B97F29F440B4000A36D0 /* Application */,
				B85123342A0E792B003AD592 /* SwiftUIScreens */,
				B8ACADD52A096699005E45EC /* ViewControllers */,
				B85124782A0F7EAA003AD592 /* Services */,
				B898B88829F43EF3000A36D0 /* Navigation */,
				B81D471E29D575E900DB603C /* Assets.xcassets */,
				B81D471F29D575E900DB603C /* Info.plist */,
				B851246F2A0F6D1D003AD592 /* InfoPlist.strings */,
				B85124652A0F655B003AD592 /* Localizable.strings */,
			);
			path = SafariHighlighter;
			sourceTree = "<group>";
		};
		B81D472829D575E900DB603C /* SafariHighlighterExtension */ = {
			isa = PBXGroup;
			children = (
				B871AC8629D89DE900A5E720 /* SafariHighlighterExtension.entitlements */,
				B81D472929D575E900DB603C /* SafariWebExtensionHandler.swift */,
				B871AC8B29D8B07600A5E720 /* Messages */,
				B81D473C29D575E900DB603C /* Info.plist */,
				B81D472B29D575E900DB603C /* Resources */,
			);
			path = SafariHighlighterExtension;
			sourceTree = "<group>";
		};
		B81D472B29D575E900DB603C /* Resources */ = {
			isa = PBXGroup;
			children = (
				B81D472C29D575E900DB603C /* _locales */,
				B81D472E29D575E900DB603C /* images */,
				B81D473029D575E900DB603C /* manifest.json */,
				B81D473229D575E900DB603C /* background.js */,
				B871AC8729D8AAB100A5E720 /* common.js */,
				B81D473429D575E900DB603C /* content.js */,
				B81D473629D575E900DB603C /* popup.html */,
				B81D473829D575E900DB603C /* popup.css */,
				B81D473A29D575E900DB603C /* popup.js */,
			);
			path = Resources;
			sourceTree = "<group>";
		};
		B85123342A0E792B003AD592 /* SwiftUIScreens */ = {
			isa = PBXGroup;
			children = (
				B85123372A0E7972003AD592 /* Acknowledgments */,
				B85123362A0E794C003AD592 /* Tutorial */,
				B85123352A0E7945003AD592 /* Settings */,
			);
			path = SwiftUIScreens;
			sourceTree = "<group>";
		};
		B85123352A0E7945003AD592 /* Settings */ = {
			isa = PBXGroup;
			children = (
				B851245A2A0EAB75003AD592 /* Screen */,
				B85124592A0EAB66003AD592 /* SettingsHeader */,
				B85123382A0E7A44003AD592 /* SettingsCell.swift */,
			);
			path = Settings;
			sourceTree = "<group>";
		};
		B85123362A0E794C003AD592 /* Tutorial */ = {
			isa = PBXGroup;
			children = (
				B87F91BB2A0A59A900740E40 /* TutorialView.swift */,
			);
			path = Tutorial;
			sourceTree = "<group>";
		};
		B85123372A0E7972003AD592 /* Acknowledgments */ = {
			isa = PBXGroup;
			children = (
				B851232F2A0E659C003AD592 /* AcknowledgmentsView.swift */,
			);
			path = Acknowledgments;
			sourceTree = "<group>";
		};
		B85123402A0E8938003AD592 /* NavigationCoordinator */ = {
			isa = PBXGroup;
			children = (
				B851233E2A0E7D0E003AD592 /* NavigationCoordinator.swift */,
				B85123412A0E894C003AD592 /* Navigation.swift */,
			);
			path = NavigationCoordinator;
			sourceTree = "<group>";
		};
		B85123432A0E8A09003AD592 /* Core */ = {
			isa = PBXGroup;
			children = (
				B85123402A0E8938003AD592 /* NavigationCoordinator */,
				B851233C2A0E7C1E003AD592 /* LinkCoordinator.swift */,
				B85123492A0E8A90003AD592 /* Coordinator.swift */,
			);
			path = Core;
			sourceTree = "<group>";
		};
		B85123442A0E8A18003AD592 /* ScreenCoordinators */ = {
			isa = PBXGroup;
			children = (
				B85123472A0E8A6D003AD592 /* TabCoordinator.swift */,
				B898B88929F43F08000A36D0 /* HighlightsCoordinator.swift */,
				B851233A2A0E7B66003AD592 /* SettingsCoordinator.swift */,
				B85124822A0FDD95003AD592 /* CategoriesCoordinator.swift */,
			);
			path = ScreenCoordinators;
			sourceTree = "<group>";
		};
		B85124592A0EAB66003AD592 /* SettingsHeader */ = {
			isa = PBXGroup;
			children = (
				B85124572A0EAB5F003AD592 /* SettingsHeaderViewModel.swift */,
				B851245B2A0EAB97003AD592 /* SettingsHeaderView.swift */,
			);
			path = SettingsHeader;
			sourceTree = "<group>";
		};
		B851245A2A0EAB75003AD592 /* Screen */ = {
			isa = PBXGroup;
			children = (
				B85123312A0E7915003AD592 /* SettingsViewModel.swift */,
				B8ACADDD2A0A2824005E45EC /* SettingsView.swift */,
			);
			path = Screen;
			sourceTree = "<group>";
		};
		B85124732A0F7034003AD592 /* Categories */ = {
			isa = PBXGroup;
			children = (
				B85124812A0FDD24003AD592 /* CategoriesList */,
				B85124802A0FDD1E003AD592 /* NewCategory */,
			);
			path = Categories;
			sourceTree = "<group>";
		};
		B85124782A0F7EAA003AD592 /* Services */ = {
			isa = PBXGroup;
			children = (
				B85124792A0F7F0E003AD592 /* InitialCategoriesProducer.swift */,
			);
			path = Services;
			sourceTree = "<group>";
		};
		B851247B2A0FAC51003AD592 /* Helpers */ = {
			isa = PBXGroup;
			children = (
				B851247C2A0FAC60003AD592 /* ConfirmationDialog.swift */,
			);
			path = Helpers;
			sourceTree = "<group>";
		};
		B85124802A0FDD1E003AD592 /* NewCategory */ = {
			isa = PBXGroup;
			children = (
				B851247E2A0FDD19003AD592 /* NewCategoryViewController.swift */,
				B85124842A0FEBF0003AD592 /* NewCategoryColorPickerView.swift */,
			);
			path = NewCategory;
			sourceTree = "<group>";
		};
		B85124812A0FDD24003AD592 /* CategoriesList */ = {
			isa = PBXGroup;
			children = (
				B83041B72A002DFA00EF9AC5 /* CategoriesViewController.swift */,
				B85124762A0F7565003AD592 /* CategoriesCellViewModelMapper.swift */,
				B85124742A0F7049003AD592 /* CategoriesTableViewCell.swift */,
			);
			path = CategoriesList;
			sourceTree = "<group>";
		};
		B871AC8B29D8B07600A5E720 /* Messages */ = {
			isa = PBXGroup;
			children = (
				B871AC8929D8AE8700A5E720 /* Message.swift */,
				B871AC9029D8B2FD00A5E720 /* MessageType.swift */,
				B871AC8E29D8B20200A5E720 /* MessageError.swift */,
				B871AC8C29D8B09400A5E720 /* LoadTagsMessage.swift */,
			);
			path = Messages;
			sourceTree = "<group>";
		};
		B876607F29D5CC2A00B8E75C /* Frameworks */ = {
			isa = PBXGroup;
			children = (
			);
			name = Frameworks;
			sourceTree = "<group>";
		};
		B898B88829F43EF3000A36D0 /* Navigation */ = {
			isa = PBXGroup;
			children = (
				B85123432A0E8A09003AD592 /* Core */,
				B85123442A0E8A18003AD592 /* ScreenCoordinators */,
			);
			path = Navigation;
			sourceTree = "<group>";
		};
		B898B97F29F440B4000A36D0 /* Application */ = {
			isa = PBXGroup;
			children = (
				B81D470A29D575E800DB603C /* AppDelegate.swift */,
				B81D471429D575E800DB603C /* SceneDelegate.swift */,
				B851244F2A0E906A003AD592 /* CompositionRoot.swift */,
				B851245D2A0EBD0B003AD592 /* AppStorage.swift */,
				B85124692A0F66EC003AD592 /* Localized.swift */,
			);
			path = Application;
			sourceTree = "<group>";
		};
		B8ACADD52A096699005E45EC /* ViewControllers */ = {
			isa = PBXGroup;
			children = (
				B8ACADDB2A0A27C7005E45EC /* SettingsViewController.swift */,
				B8ACADD92A0A265A005E45EC /* Highlights */,
			);
			path = ViewControllers;
			sourceTree = "<group>";
		};
		B8ACADD62A096DBB005E45EC /* GroupedHighlights */ = {
			isa = PBXGroup;
			children = (
				B8ACADD32A096694005E45EC /* HighlightsGrouping.swift */,
				B8ACADD12A096653005E45EC /* GroupedHighlightsViewController.swift */,
			);
			path = GroupedHighlights;
			sourceTree = "<group>";
		};
		B8ACADD92A0A265A005E45EC /* Highlights */ = {
			isa = PBXGroup;
			children = (
				B8ACADD62A096DBB005E45EC /* GroupedHighlights */,
				B85124732A0F7034003AD592 /* Categories */,
				B8ACADCF2A096378005E45EC /* WebsitesViewController.swift */,
				B8ACADD72A097766005E45EC /* HighlightsViewController.swift */,
			);
			path = Highlights;
			sourceTree = "<group>";
		};
		B8E7A94829FFB72B00C6D98B /* Modules */ = {
			isa = PBXGroup;
			children = (
				B8E7A94929FFB72B00C6D98B /* Common */,
				B8E7A94A29FFB72B00C6D98B /* Persistence */,
			);
			path = Modules;
			sourceTree = "<group>";
		};
/* End PBXGroup section */

/* Begin PBXNativeTarget section */
		B81D470629D575E800DB603C /* SafariHighlighter */ = {
			isa = PBXNativeTarget;
			buildConfigurationList = B81D474429D575E900DB603C /* Build configuration list for PBXNativeTarget "SafariHighlighter" */;
			buildPhases = (
				B81D470329D575E800DB603C /* Sources */,
				B81D470429D575E800DB603C /* Frameworks */,
				B81D470529D575E800DB603C /* Resources */,
				B81D474329D575E900DB603C /* Embed Foundation Extensions */,
			);
			buildRules = (
			);
			dependencies = (
				B81D472729D575E900DB603C /* PBXTargetDependency */,
			);
			name = SafariHighlighter;
			packageProductDependencies = (
				B876608029D5CC2F00B8E75C /* Common */,
				B83041B92A0036BD00EF9AC5 /* Persistence */,
			);
			productName = SafariHighlighter;
			productReference = B81D470729D575E800DB603C /* SafariHighlighter.app */;
			productType = "com.apple.product-type.application";
		};
		B81D472329D575E900DB603C /* SafariHighlighterExtension */ = {
			isa = PBXNativeTarget;
			buildConfigurationList = B81D474029D575E900DB603C /* Build configuration list for PBXNativeTarget "SafariHighlighterExtension" */;
			buildPhases = (
				B81D472029D575E900DB603C /* Sources */,
				B81D472129D575E900DB603C /* Frameworks */,
				B81D472229D575E900DB603C /* Resources */,
			);
			buildRules = (
			);
			dependencies = (
			);
			name = SafariHighlighterExtension;
			packageProductDependencies = (
				B876608229D5CC3700B8E75C /* Common */,
			);
			productName = "SafariHighlighter Extension";
			productReference = B81D472429D575E900DB603C /* SafariHighlighterExtension.appex */;
			productType = "com.apple.product-type.app-extension";
		};
/* End PBXNativeTarget section */

/* Begin PBXProject section */
		B81D46FF29D575E800DB603C /* Project object */ = {
			isa = PBXProject;
			attributes = {
				BuildIndependentTargetsInParallel = 1;
				LastSwiftUpdateCheck = 1410;
				LastUpgradeCheck = 1410;
				TargetAttributes = {
					B81D470629D575E800DB603C = {
						CreatedOnToolsVersion = 14.1;
					};
					B81D472329D575E900DB603C = {
						CreatedOnToolsVersion = 14.1;
					};
				};
			};
			buildConfigurationList = B81D470229D575E800DB603C /* Build configuration list for PBXProject "SafariHighlighter" */;
			compatibilityVersion = "Xcode 14.0";
			developmentRegion = en;
			hasScannedForEncodings = 0;
			knownRegions = (
				en,
				ru,
				de,
				fr,
			);
			mainGroup = B81D46FE29D575E800DB603C;
			packageReferences = (
				B851232C2A0E6589003AD592 /* XCRemoteSwiftPackageReference "SnapKit" */,
			);
			productRefGroup = B81D470829D575E800DB603C /* Products */;
			projectDirPath = "";
			projectRoot = "";
			targets = (
				B81D470629D575E800DB603C /* SafariHighlighter */,
				B81D472329D575E900DB603C /* SafariHighlighterExtension */,
			);
		};
/* End PBXProject section */

/* Begin PBXResourcesBuildPhase section */
		B81D470529D575E800DB603C /* Resources */ = {
			isa = PBXResourcesBuildPhase;
			buildActionMask = 2147483647;
			files = (
				B81D473D29D575E900DB603C /* Assets.xcassets in Resources */,
				B851246D2A0F6D1D003AD592 /* InfoPlist.strings in Resources */,
				B85124632A0F655B003AD592 /* Localizable.strings in Resources */,
			);
			runOnlyForDeploymentPostprocessing = 0;
		};
		B81D472229D575E900DB603C /* Resources */ = {
			isa = PBXResourcesBuildPhase;
			buildActionMask = 2147483647;
			files = (
				B871AC8829D8AAB100A5E720 /* common.js in Resources */,
				B81D473329D575E900DB603C /* background.js in Resources */,
				B81D473929D575E900DB603C /* popup.css in Resources */,
				B81D473729D575E900DB603C /* popup.html in Resources */,
				B81D472F29D575E900DB603C /* images in Resources */,
				B81D473129D575E900DB603C /* manifest.json in Resources */,
				B81D472D29D575E900DB603C /* _locales in Resources */,
				B81D473529D575E900DB603C /* content.js in Resources */,
				B81D473B29D575E900DB603C /* popup.js in Resources */,
			);
			runOnlyForDeploymentPostprocessing = 0;
		};
/* End PBXResourcesBuildPhase section */

/* Begin PBXSourcesBuildPhase section */
		B81D470329D575E800DB603C /* Sources */ = {
			isa = PBXSourcesBuildPhase;
			buildActionMask = 2147483647;
			files = (
				B85123392A0E7A44003AD592 /* SettingsCell.swift in Sources */,
				B851247D2A0FAC60003AD592 /* ConfirmationDialog.swift in Sources */,
				B851245C2A0EAB97003AD592 /* SettingsHeaderView.swift in Sources */,
				B8ACADD42A096694005E45EC /* HighlightsGrouping.swift in Sources */,
				B851233D2A0E7C1E003AD592 /* LinkCoordinator.swift in Sources */,
				B85123482A0E8A6D003AD592 /* TabCoordinator.swift in Sources */,
				B8ACADD22A096653005E45EC /* GroupedHighlightsViewController.swift in Sources */,
				B851247F2A0FDD19003AD592 /* NewCategoryViewController.swift in Sources */,
				B83041B82A002DFA00EF9AC5 /* CategoriesViewController.swift in Sources */,
				B85124582A0EAB5F003AD592 /* SettingsHeaderViewModel.swift in Sources */,
				B8ACADD82A097766005E45EC /* HighlightsViewController.swift in Sources */,
				B81D470B29D575E800DB603C /* AppDelegate.swift in Sources */,
				B8ACADDE2A0A2824005E45EC /* SettingsView.swift in Sources */,
				B85124752A0F7049003AD592 /* CategoriesTableViewCell.swift in Sources */,
				B898B88A29F43F08000A36D0 /* HighlightsCoordinator.swift in Sources */,
				B85123302A0E659C003AD592 /* AcknowledgmentsView.swift in Sources */,
				B85123322A0E7915003AD592 /* SettingsViewModel.swift in Sources */,
				B851234A2A0E8A90003AD592 /* Coordinator.swift in Sources */,
				B851245E2A0EBD0B003AD592 /* AppStorage.swift in Sources */,
				B851233B2A0E7B66003AD592 /* SettingsCoordinator.swift in Sources */,
				B851233F2A0E7D0E003AD592 /* NavigationCoordinator.swift in Sources */,
				B87F91BC2A0A59A900740E40 /* TutorialView.swift in Sources */,
				B85124852A0FEBF0003AD592 /* NewCategoryColorPickerView.swift in Sources */,
				B81D471529D575E800DB603C /* SceneDelegate.swift in Sources */,
				B851246A2A0F66EC003AD592 /* Localized.swift in Sources */,
				B85124502A0E906A003AD592 /* CompositionRoot.swift in Sources */,
				B85124832A0FDD95003AD592 /* CategoriesCoordinator.swift in Sources */,
				B85123422A0E894C003AD592 /* Navigation.swift in Sources */,
				B85124772A0F7565003AD592 /* CategoriesCellViewModelMapper.swift in Sources */,
				B8ACADD02A096378005E45EC /* WebsitesViewController.swift in Sources */,
				B851247A2A0F7F0E003AD592 /* InitialCategoriesProducer.swift in Sources */,
				B8ACADDC2A0A27C7005E45EC /* SettingsViewController.swift in Sources */,
			);
			runOnlyForDeploymentPostprocessing = 0;
		};
		B81D472029D575E900DB603C /* Sources */ = {
			isa = PBXSourcesBuildPhase;
			buildActionMask = 2147483647;
			files = (
				B871AC8F29D8B20200A5E720 /* MessageError.swift in Sources */,
				B81D472A29D575E900DB603C /* SafariWebExtensionHandler.swift in Sources */,
				B871AC8A29D8AE8700A5E720 /* Message.swift in Sources */,
				B871AC9129D8B2FD00A5E720 /* MessageType.swift in Sources */,
				B871AC8D29D8B09500A5E720 /* LoadTagsMessage.swift in Sources */,
			);
			runOnlyForDeploymentPostprocessing = 0;
		};
/* End PBXSourcesBuildPhase section */

/* Begin PBXTargetDependency section */
		B81D472729D575E900DB603C /* PBXTargetDependency */ = {
			isa = PBXTargetDependency;
			target = B81D472329D575E900DB603C /* SafariHighlighterExtension */;
			targetProxy = B81D472629D575E900DB603C /* PBXContainerItemProxy */;
		};
/* End PBXTargetDependency section */

/* Begin PBXVariantGroup section */
		B85124652A0F655B003AD592 /* Localizable.strings */ = {
			isa = PBXVariantGroup;
			children = (
				B85124642A0F655B003AD592 /* en */,
				B85124662A0F656E003AD592 /* ru */,
				B85124672A0F6573003AD592 /* de */,
				B85124682A0F6579003AD592 /* fr */,
			);
			name = Localizable.strings;
			sourceTree = "<group>";
		};
		B851246F2A0F6D1D003AD592 /* InfoPlist.strings */ = {
			isa = PBXVariantGroup;
			children = (
				B851246E2A0F6D1D003AD592 /* en */,
				B85124702A0F6D1F003AD592 /* fr */,
				B85124712A0F6D20003AD592 /* de */,
				B85124722A0F6D20003AD592 /* ru */,
			);
			name = InfoPlist.strings;
			sourceTree = "<group>";
		};
/* End PBXVariantGroup section */

/* Begin XCBuildConfiguration section */
		B81D473E29D575E900DB603C /* Debug */ = {
			isa = XCBuildConfiguration;
			buildSettings = {
				ALWAYS_SEARCH_USER_PATHS = NO;
				CLANG_ANALYZER_LOCALIZABILITY_NONLOCALIZED = YES;
				CLANG_ANALYZER_NONNULL = YES;
				CLANG_ANALYZER_NUMBER_OBJECT_CONVERSION = YES_AGGRESSIVE;
				CLANG_CXX_LANGUAGE_STANDARD = "gnu++20";
				CLANG_ENABLE_MODULES = YES;
				CLANG_ENABLE_OBJC_ARC = YES;
				CLANG_ENABLE_OBJC_WEAK = YES;
				CLANG_WARN_BLOCK_CAPTURE_AUTORELEASING = YES;
				CLANG_WARN_BOOL_CONVERSION = YES;
				CLANG_WARN_COMMA = YES;
				CLANG_WARN_CONSTANT_CONVERSION = YES;
				CLANG_WARN_DEPRECATED_OBJC_IMPLEMENTATIONS = YES;
				CLANG_WARN_DIRECT_OBJC_ISA_USAGE = YES_ERROR;
				CLANG_WARN_DOCUMENTATION_COMMENTS = YES;
				CLANG_WARN_EMPTY_BODY = YES;
				CLANG_WARN_ENUM_CONVERSION = YES;
				CLANG_WARN_INFINITE_RECURSION = YES;
				CLANG_WARN_INT_CONVERSION = YES;
				CLANG_WARN_NON_LITERAL_NULL_CONVERSION = YES;
				CLANG_WARN_OBJC_IMPLICIT_RETAIN_SELF = YES;
				CLANG_WARN_OBJC_LITERAL_CONVERSION = YES;
				CLANG_WARN_OBJC_ROOT_CLASS = YES_ERROR;
				CLANG_WARN_QUOTED_INCLUDE_IN_FRAMEWORK_HEADER = YES;
				CLANG_WARN_RANGE_LOOP_ANALYSIS = YES;
				CLANG_WARN_STRICT_PROTOTYPES = YES;
				CLANG_WARN_SUSPICIOUS_MOVE = YES;
				CLANG_WARN_UNGUARDED_AVAILABILITY = YES_AGGRESSIVE;
				CLANG_WARN_UNREACHABLE_CODE = YES;
				CLANG_WARN__DUPLICATE_METHOD_MATCH = YES;
				COPY_PHASE_STRIP = NO;
				DEBUG_INFORMATION_FORMAT = dwarf;
				ENABLE_STRICT_OBJC_MSGSEND = YES;
				ENABLE_TESTABILITY = YES;
				GCC_C_LANGUAGE_STANDARD = gnu11;
				GCC_DYNAMIC_NO_PIC = NO;
				GCC_NO_COMMON_BLOCKS = YES;
				GCC_OPTIMIZATION_LEVEL = 0;
				GCC_PREPROCESSOR_DEFINITIONS = (
					"DEBUG=1",
					"$(inherited)",
				);
				GCC_WARN_64_TO_32_BIT_CONVERSION = YES;
				GCC_WARN_ABOUT_RETURN_TYPE = YES_ERROR;
				GCC_WARN_UNDECLARED_SELECTOR = YES;
				GCC_WARN_UNINITIALIZED_AUTOS = YES_AGGRESSIVE;
				GCC_WARN_UNUSED_FUNCTION = YES;
				GCC_WARN_UNUSED_VARIABLE = YES;
				IPHONEOS_DEPLOYMENT_TARGET = 16.1;
				MTL_ENABLE_DEBUG_INFO = INCLUDE_SOURCE;
				MTL_FAST_MATH = YES;
				ONLY_ACTIVE_ARCH = YES;
				PRODUCT_NAME = "";
				SDKROOT = iphoneos;
				SWIFT_ACTIVE_COMPILATION_CONDITIONS = DEBUG;
				SWIFT_OPTIMIZATION_LEVEL = "-Onone";
			};
			name = Debug;
		};
		B81D473F29D575E900DB603C /* Release */ = {
			isa = XCBuildConfiguration;
			buildSettings = {
				ALWAYS_SEARCH_USER_PATHS = NO;
				CLANG_ANALYZER_LOCALIZABILITY_NONLOCALIZED = YES;
				CLANG_ANALYZER_NONNULL = YES;
				CLANG_ANALYZER_NUMBER_OBJECT_CONVERSION = YES_AGGRESSIVE;
				CLANG_CXX_LANGUAGE_STANDARD = "gnu++20";
				CLANG_ENABLE_MODULES = YES;
				CLANG_ENABLE_OBJC_ARC = YES;
				CLANG_ENABLE_OBJC_WEAK = YES;
				CLANG_WARN_BLOCK_CAPTURE_AUTORELEASING = YES;
				CLANG_WARN_BOOL_CONVERSION = YES;
				CLANG_WARN_COMMA = YES;
				CLANG_WARN_CONSTANT_CONVERSION = YES;
				CLANG_WARN_DEPRECATED_OBJC_IMPLEMENTATIONS = YES;
				CLANG_WARN_DIRECT_OBJC_ISA_USAGE = YES_ERROR;
				CLANG_WARN_DOCUMENTATION_COMMENTS = YES;
				CLANG_WARN_EMPTY_BODY = YES;
				CLANG_WARN_ENUM_CONVERSION = YES;
				CLANG_WARN_INFINITE_RECURSION = YES;
				CLANG_WARN_INT_CONVERSION = YES;
				CLANG_WARN_NON_LITERAL_NULL_CONVERSION = YES;
				CLANG_WARN_OBJC_IMPLICIT_RETAIN_SELF = YES;
				CLANG_WARN_OBJC_LITERAL_CONVERSION = YES;
				CLANG_WARN_OBJC_ROOT_CLASS = YES_ERROR;
				CLANG_WARN_QUOTED_INCLUDE_IN_FRAMEWORK_HEADER = YES;
				CLANG_WARN_RANGE_LOOP_ANALYSIS = YES;
				CLANG_WARN_STRICT_PROTOTYPES = YES;
				CLANG_WARN_SUSPICIOUS_MOVE = YES;
				CLANG_WARN_UNGUARDED_AVAILABILITY = YES_AGGRESSIVE;
				CLANG_WARN_UNREACHABLE_CODE = YES;
				CLANG_WARN__DUPLICATE_METHOD_MATCH = YES;
				COPY_PHASE_STRIP = NO;
				DEBUG_INFORMATION_FORMAT = "dwarf-with-dsym";
				ENABLE_NS_ASSERTIONS = NO;
				ENABLE_STRICT_OBJC_MSGSEND = YES;
				GCC_C_LANGUAGE_STANDARD = gnu11;
				GCC_NO_COMMON_BLOCKS = YES;
				GCC_WARN_64_TO_32_BIT_CONVERSION = YES;
				GCC_WARN_ABOUT_RETURN_TYPE = YES_ERROR;
				GCC_WARN_UNDECLARED_SELECTOR = YES;
				GCC_WARN_UNINITIALIZED_AUTOS = YES_AGGRESSIVE;
				GCC_WARN_UNUSED_FUNCTION = YES;
				GCC_WARN_UNUSED_VARIABLE = YES;
				IPHONEOS_DEPLOYMENT_TARGET = 16.1;
				MTL_ENABLE_DEBUG_INFO = NO;
				MTL_FAST_MATH = YES;
				PRODUCT_NAME = "";
				SDKROOT = iphoneos;
				SWIFT_COMPILATION_MODE = wholemodule;
				SWIFT_OPTIMIZATION_LEVEL = "-O";
				VALIDATE_PRODUCT = YES;
			};
			name = Release;
		};
		B81D474129D575E900DB603C /* Debug */ = {
			isa = XCBuildConfiguration;
			buildSettings = {
				CODE_SIGN_ENTITLEMENTS = SafariHighlighterExtension/SafariHighlighterExtension.entitlements;
				CODE_SIGN_STYLE = Automatic;
				CURRENT_PROJECT_VERSION = 1;
				DEVELOPMENT_TEAM = C8ZP5CBZNS;
				GENERATE_INFOPLIST_FILE = YES;
				INFOPLIST_FILE = SafariHighlighterExtension/Info.plist;
				INFOPLIST_KEY_NSHumanReadableCopyright = "";
				IPHONEOS_DEPLOYMENT_TARGET = 15.0;
				LD_RUNPATH_SEARCH_PATHS = (
					"$(inherited)",
					"@executable_path/Frameworks",
					"@executable_path/../../Frameworks",
				);
				MARKETING_VERSION = 1.0;
				OTHER_LDFLAGS = (
					"-framework",
					SafariServices,
				);
				PRODUCT_BUNDLE_IDENTIFIER = com.qstrnd.SafariHighlighter.Extension;
				PRODUCT_NAME = "$(TARGET_NAME)";
				SKIP_INSTALL = YES;
				SWIFT_EMIT_LOC_STRINGS = YES;
				SWIFT_VERSION = 5.0;
				TARGETED_DEVICE_FAMILY = "1,2";
			};
			name = Debug;
		};
		B81D474229D575E900DB603C /* Release */ = {
			isa = XCBuildConfiguration;
			buildSettings = {
				CODE_SIGN_ENTITLEMENTS = SafariHighlighterExtension/SafariHighlighterExtension.entitlements;
				CODE_SIGN_STYLE = Automatic;
				CURRENT_PROJECT_VERSION = 1;
				DEVELOPMENT_TEAM = C8ZP5CBZNS;
				GENERATE_INFOPLIST_FILE = YES;
				INFOPLIST_FILE = SafariHighlighterExtension/Info.plist;
				INFOPLIST_KEY_NSHumanReadableCopyright = "";
				IPHONEOS_DEPLOYMENT_TARGET = 15.0;
				LD_RUNPATH_SEARCH_PATHS = (
					"$(inherited)",
					"@executable_path/Frameworks",
					"@executable_path/../../Frameworks",
				);
				MARKETING_VERSION = 1.0;
				OTHER_LDFLAGS = (
					"-framework",
					SafariServices,
				);
				PRODUCT_BUNDLE_IDENTIFIER = com.qstrnd.SafariHighlighter.Extension;
				PRODUCT_NAME = "$(TARGET_NAME)";
				SKIP_INSTALL = YES;
				SWIFT_EMIT_LOC_STRINGS = YES;
				SWIFT_VERSION = 5.0;
				TARGETED_DEVICE_FAMILY = "1,2";
			};
			name = Release;
		};
		B81D474529D575E900DB603C /* Debug */ = {
			isa = XCBuildConfiguration;
			buildSettings = {
				ALWAYS_EMBED_SWIFT_STANDARD_LIBRARIES = YES;
				ASSETCATALOG_COMPILER_APPICON_NAME = AppIcon;
				ASSETCATALOG_COMPILER_GLOBAL_ACCENT_COLOR_NAME = AccentColor;
				CODE_SIGN_ENTITLEMENTS = SafariHighlighter/SafariHighlighter.entitlements;
				CODE_SIGN_STYLE = Automatic;
				CURRENT_PROJECT_VERSION = 1;
				DEVELOPMENT_TEAM = C8ZP5CBZNS;
				GENERATE_INFOPLIST_FILE = YES;
				INFOPLIST_FILE = SafariHighlighter/Info.plist;
				INFOPLIST_KEY_LSApplicationCategoryType = "public.app-category.utilities";
				INFOPLIST_KEY_UIApplicationSupportsIndirectInputEvents = YES;
				INFOPLIST_KEY_UISupportedInterfaceOrientations_iPad = "UIInterfaceOrientationPortrait UIInterfaceOrientationPortraitUpsideDown UIInterfaceOrientationLandscapeLeft UIInterfaceOrientationLandscapeRight";
				INFOPLIST_KEY_UISupportedInterfaceOrientations_iPhone = UIInterfaceOrientationPortrait;
				IPHONEOS_DEPLOYMENT_TARGET = 14.0;
				LD_RUNPATH_SEARCH_PATHS = (
					"$(inherited)",
					"@executable_path/Frameworks",
				);
				MARKETING_VERSION = 1.0;
				OTHER_LDFLAGS = (
					"-framework",
					SafariServices,
					"-framework",
					WebKit,
				);
				PRODUCT_BUNDLE_IDENTIFIER = com.qstrnd.SafariHighlighter;
				PRODUCT_NAME = "$(TARGET_NAME)";
				SWIFT_EMIT_LOC_STRINGS = YES;
				SWIFT_VERSION = 5.0;
				TARGETED_DEVICE_FAMILY = "1,2";
			};
			name = Debug;
		};
		B81D474629D575E900DB603C /* Release */ = {
			isa = XCBuildConfiguration;
			buildSettings = {
				ALWAYS_EMBED_SWIFT_STANDARD_LIBRARIES = YES;
				ASSETCATALOG_COMPILER_APPICON_NAME = AppIcon;
				ASSETCATALOG_COMPILER_GLOBAL_ACCENT_COLOR_NAME = AccentColor;
				CODE_SIGN_ENTITLEMENTS = SafariHighlighter/SafariHighlighter.entitlements;
				CODE_SIGN_STYLE = Automatic;
				CURRENT_PROJECT_VERSION = 1;
				DEVELOPMENT_TEAM = C8ZP5CBZNS;
				GENERATE_INFOPLIST_FILE = YES;
				INFOPLIST_FILE = SafariHighlighter/Info.plist;
				INFOPLIST_KEY_LSApplicationCategoryType = "public.app-category.utilities";
				INFOPLIST_KEY_UIApplicationSupportsIndirectInputEvents = YES;
				INFOPLIST_KEY_UISupportedInterfaceOrientations_iPad = "UIInterfaceOrientationPortrait UIInterfaceOrientationPortraitUpsideDown UIInterfaceOrientationLandscapeLeft UIInterfaceOrientationLandscapeRight";
				INFOPLIST_KEY_UISupportedInterfaceOrientations_iPhone = UIInterfaceOrientationPortrait;
				IPHONEOS_DEPLOYMENT_TARGET = 14.0;
				LD_RUNPATH_SEARCH_PATHS = (
					"$(inherited)",
					"@executable_path/Frameworks",
				);
				MARKETING_VERSION = 1.0;
				OTHER_LDFLAGS = (
					"-framework",
					SafariServices,
					"-framework",
					WebKit,
				);
				PRODUCT_BUNDLE_IDENTIFIER = com.qstrnd.SafariHighlighter;
				PRODUCT_NAME = "$(TARGET_NAME)";
				SWIFT_EMIT_LOC_STRINGS = YES;
				SWIFT_VERSION = 5.0;
				TARGETED_DEVICE_FAMILY = "1,2";
			};
			name = Release;
		};
/* End XCBuildConfiguration section */

/* Begin XCConfigurationList section */
		B81D470229D575E800DB603C /* Build configuration list for PBXProject "SafariHighlighter" */ = {
			isa = XCConfigurationList;
			buildConfigurations = (
				B81D473E29D575E900DB603C /* Debug */,
				B81D473F29D575E900DB603C /* Release */,
			);
			defaultConfigurationIsVisible = 0;
			defaultConfigurationName = Release;
		};
		B81D474029D575E900DB603C /* Build configuration list for PBXNativeTarget "SafariHighlighterExtension" */ = {
			isa = XCConfigurationList;
			buildConfigurations = (
				B81D474129D575E900DB603C /* Debug */,
				B81D474229D575E900DB603C /* Release */,
			);
			defaultConfigurationIsVisible = 0;
			defaultConfigurationName = Release;
		};
		B81D474429D575E900DB603C /* Build configuration list for PBXNativeTarget "SafariHighlighter" */ = {
			isa = XCConfigurationList;
			buildConfigurations = (
				B81D474529D575E900DB603C /* Debug */,
				B81D474629D575E900DB603C /* Release */,
			);
			defaultConfigurationIsVisible = 0;
			defaultConfigurationName = Release;
		};
/* End XCConfigurationList section */

/* Begin XCRemoteSwiftPackageReference section */
		B851232C2A0E6589003AD592 /* XCRemoteSwiftPackageReference "SnapKit" */ = {
			isa = XCRemoteSwiftPackageReference;
			repositoryURL = "git@github.com:SnapKit/SnapKit.git";
			requirement = {
				kind = upToNextMajorVersion;
				minimumVersion = 5.0.0;
			};
		};
/* End XCRemoteSwiftPackageReference section */

/* Begin XCSwiftPackageProductDependency section */
		B83041B92A0036BD00EF9AC5 /* Persistence */ = {
			isa = XCSwiftPackageProductDependency;
			productName = Persistence;
		};
		B876608029D5CC2F00B8E75C /* Common */ = {
			isa = XCSwiftPackageProductDependency;
			productName = Common;
		};
		B876608229D5CC3700B8E75C /* Common */ = {
			isa = XCSwiftPackageProductDependency;
			productName = Common;
		};
/* End XCSwiftPackageProductDependency section */
	};
	rootObject = B81D46FF29D575E800DB603C /* Project object */;
}
